
Microsoft Visual Studio Solution File, Format Version 12.00
# Visual Studio Version 17
VisualStudioVersion = 17.11.35312.102
MinimumVisualStudioVersion = 10.0.40219.1
Project("{FAE04EC0-301F-11D3-BF4B-00C04F79EFBC}") = "P22_Control_Venta_Boletos", "P22_Control_Venta_Boletos.csproj", "{8718602D-3AE3-4CD4-B16F-5AA92D06468E}"
EndProject
Global
	GlobalSection(SolutionConfigurationPlatforms) = preSolution
		Debug|Any CPU = Debug|Any CPU
		Release|Any CPU = Release|Any CPU
	EndGlobalSection
	GlobalSection(ProjectConfigurationPlatforms) = postSolution
		{8718602D-3AE3-4CD4-B16F-5AA92D06468E}.Debug|Any CPU.ActiveCfg = Debug|Any CPU
		{8718602D-3AE3-4CD4-B16F-5AA92D06468E}.Debug|Any CPU.Build.0 = Debug|Any CPU
		{8718602D-3AE3-4CD4-B16F-5AA92D06468E}.Release|Any CPU.ActiveCfg = Release|Any CPU
		{8718602D-3AE3-4CD4-B16F-5AA92D06468E}.Release|Any CPU.Build.0 = Release|Any CPU
	EndGlobalSection
	GlobalSection(SolutionProperties) = preSolution
		HideSolutionNode = FALSE
	EndGlobalSection
	GlobalSection(ExtensibilityGlobals) = postSolution
		SolutionGuid = {0D37DF5F-D755-4532-B91E-AD8FC56FE554}
	EndGlobalSection
EndGlobal
