
Microsoft Visual Studio Solution File, Format Version 12.00
# Visual Studio Version 16
VisualStudioVersion = 16.0.33529.622
MinimumVisualStudioVersion = 10.0.40219.1
Project("{FAE04EC0-301F-11D3-BF4B-00C04F79EFBC}") = "P8_Control_Area_Y_Volumen", "P8_Control_Area_Y_Volumen.csproj", "{6ABC75C6-C4E3-4042-B7C2-0399464929CF}"
EndProject
Global
	GlobalSection(SolutionConfigurationPlatforms) = preSolution
		Debug|Any CPU = Debug|Any CPU
		Release|Any CPU = Release|Any CPU
	EndGlobalSection
	GlobalSection(ProjectConfigurationPlatforms) = postSolution
		{6ABC75C6-C4E3-4042-B7C2-0399464929CF}.Debug|Any CPU.ActiveCfg = Debug|Any CPU
		{6ABC75C6-C4E3-4042-B7C2-0399464929CF}.Debug|Any CPU.Build.0 = Debug|Any CPU
		{6ABC75C6-C4E3-4042-B7C2-0399464929CF}.Release|Any CPU.ActiveCfg = Release|Any CPU
		{6ABC75C6-C4E3-4042-B7C2-0399464929CF}.Release|Any CPU.Build.0 = Release|Any CPU
	EndGlobalSection
	GlobalSection(SolutionProperties) = preSolution
		HideSolutionNode = FALSE
	EndGlobalSection
	GlobalSection(ExtensibilityGlobals) = postSolution
		SolutionGuid = {CF3C31A7-97C3-42C1-92CF-4ECB487B504F}
	EndGlobalSection
EndGlobal
