
Microsoft Visual Studio Solution File, Format Version 12.00
# Visual Studio Version 17
VisualStudioVersion = 17.11.35312.102
MinimumVisualStudioVersion = 10.0.40219.1
Project("{FAE04EC0-301F-11D3-BF4B-00C04F79EFBC}") = "P24_Control_Registro_Llamadas_MSVR_CP", "P24_Control_Registro_Llamadas_MSVR_CP.csproj", "{C351333C-C108-4A8B-9D47-D3C194211E69}"
EndProject
Global
	GlobalSection(SolutionConfigurationPlatforms) = preSolution
		Debug|Any CPU = Debug|Any CPU
		Release|Any CPU = Release|Any CPU
	EndGlobalSection
	GlobalSection(ProjectConfigurationPlatforms) = postSolution
		{C351333C-C108-4A8B-9D47-D3C194211E69}.Debug|Any CPU.ActiveCfg = Debug|Any CPU
		{C351333C-C108-4A8B-9D47-D3C194211E69}.Debug|Any CPU.Build.0 = Debug|Any CPU
		{C351333C-C108-4A8B-9D47-D3C194211E69}.Release|Any CPU.ActiveCfg = Release|Any CPU
		{C351333C-C108-4A8B-9D47-D3C194211E69}.Release|Any CPU.Build.0 = Release|Any CPU
	EndGlobalSection
	GlobalSection(SolutionProperties) = preSolution
		HideSolutionNode = FALSE
	EndGlobalSection
	GlobalSection(ExtensibilityGlobals) = postSolution
		SolutionGuid = {D4BD0A24-6AD2-4874-BD98-8A74F21BB09B}
	EndGlobalSection
EndGlobal
