
Microsoft Visual Studio Solution File, Format Version 12.00
# Visual Studio Version 17
VisualStudioVersion = 17.11.35312.102
MinimumVisualStudioVersion = 10.0.40219.1
Project("{FAE04EC0-301F-11D3-BF4B-00C04F79EFBC}") = "P23_Control_Registro_Llamadas_MSVR_SP", "P23_Control_Registro_Llamadas_MSVR_SP.csproj", "{948F7B1C-C63D-48B4-97F3-76EC95586711}"
EndProject
Global
	GlobalSection(SolutionConfigurationPlatforms) = preSolution
		Debug|Any CPU = Debug|Any CPU
		Release|Any CPU = Release|Any CPU
	EndGlobalSection
	GlobalSection(ProjectConfigurationPlatforms) = postSolution
		{948F7B1C-C63D-48B4-97F3-76EC95586711}.Debug|Any CPU.ActiveCfg = Debug|Any CPU
		{948F7B1C-C63D-48B4-97F3-76EC95586711}.Debug|Any CPU.Build.0 = Debug|Any CPU
		{948F7B1C-C63D-48B4-97F3-76EC95586711}.Release|Any CPU.ActiveCfg = Release|Any CPU
		{948F7B1C-C63D-48B4-97F3-76EC95586711}.Release|Any CPU.Build.0 = Release|Any CPU
	EndGlobalSection
	GlobalSection(SolutionProperties) = preSolution
		HideSolutionNode = FALSE
	EndGlobalSection
	GlobalSection(ExtensibilityGlobals) = postSolution
		SolutionGuid = {885DE0F3-05A6-4285-948E-878F91EE87C6}
	EndGlobalSection
EndGlobal
