
Microsoft Visual Studio Solution File, Format Version 12.00
# Visual Studio Version 16
VisualStudioVersion = 16.0.33529.622
MinimumVisualStudioVersion = 10.0.40219.1
Project("{FAE04EC0-301F-11D3-BF4B-00C04F79EFBC}") = "P9_Pago_De_Empleados", "P9_Pago_De_Empleados.csproj", "{A8D1EF76-E423-41F7-8596-CF4D2593ACF8}"
EndProject
Global
	GlobalSection(SolutionConfigurationPlatforms) = preSolution
		Debug|Any CPU = Debug|Any CPU
		Release|Any CPU = Release|Any CPU
	EndGlobalSection
	GlobalSection(ProjectConfigurationPlatforms) = postSolution
		{A8D1EF76-E423-41F7-8596-CF4D2593ACF8}.Debug|Any CPU.ActiveCfg = Debug|Any CPU
		{A8D1EF76-E423-41F7-8596-CF4D2593ACF8}.Debug|Any CPU.Build.0 = Debug|Any CPU
		{A8D1EF76-E423-41F7-8596-CF4D2593ACF8}.Release|Any CPU.ActiveCfg = Release|Any CPU
		{A8D1EF76-E423-41F7-8596-CF4D2593ACF8}.Release|Any CPU.Build.0 = Release|Any CPU
	EndGlobalSection
	GlobalSection(SolutionProperties) = preSolution
		HideSolutionNode = FALSE
	EndGlobalSection
	GlobalSection(ExtensibilityGlobals) = postSolution
		SolutionGuid = {3D771E5D-E5C2-4D73-852E-062AA4D650A2}
	EndGlobalSection
EndGlobal
