
Microsoft Visual Studio Solution File, Format Version 12.00
# Visual Studio Version 17
VisualStudioVersion = 17.11.35312.102
MinimumVisualStudioVersion = 10.0.40219.1
Project("{FAE04EC0-301F-11D3-BF4B-00C04F79EFBC}") = "P15_Control_Registro_Llamadas", "P15_Control_Registro_Llamadas.csproj", "{EFFBAD67-49E7-4D39-9920-9709C36BFE94}"
EndProject
Global
	GlobalSection(SolutionConfigurationPlatforms) = preSolution
		Debug|Any CPU = Debug|Any CPU
		Release|Any CPU = Release|Any CPU
	EndGlobalSection
	GlobalSection(ProjectConfigurationPlatforms) = postSolution
		{EFFBAD67-49E7-4D39-9920-9709C36BFE94}.Debug|Any CPU.ActiveCfg = Debug|Any CPU
		{EFFBAD67-49E7-4D39-9920-9709C36BFE94}.Debug|Any CPU.Build.0 = Debug|Any CPU
		{EFFBAD67-49E7-4D39-9920-9709C36BFE94}.Release|Any CPU.ActiveCfg = Release|Any CPU
		{EFFBAD67-49E7-4D39-9920-9709C36BFE94}.Release|Any CPU.Build.0 = Release|Any CPU
	EndGlobalSection
	GlobalSection(SolutionProperties) = preSolution
		HideSolutionNode = FALSE
	EndGlobalSection
	GlobalSection(ExtensibilityGlobals) = postSolution
		SolutionGuid = {8746E1F1-8820-4B59-8BE6-D105E1EFC269}
	EndGlobalSection
EndGlobal
