
Microsoft Visual Studio Solution File, Format Version 12.00
# Visual Studio Version 16
VisualStudioVersion = 16.0.33529.622
MinimumVisualStudioVersion = 10.0.40219.1
Project("{FAE04EC0-301F-11D3-BF4B-00C04F79EFBC}") = "P11_Promedio_de_Notas", "P11_Promedio_de_Notas.csproj", "{16E7EDB0-A560-4B5C-9F6F-4660814569DA}"
EndProject
Global
	GlobalSection(SolutionConfigurationPlatforms) = preSolution
		Debug|Any CPU = Debug|Any CPU
		Release|Any CPU = Release|Any CPU
	EndGlobalSection
	GlobalSection(ProjectConfigurationPlatforms) = postSolution
		{16E7EDB0-A560-4B5C-9F6F-4660814569DA}.Debug|Any CPU.ActiveCfg = Debug|Any CPU
		{16E7EDB0-A560-4B5C-9F6F-4660814569DA}.Debug|Any CPU.Build.0 = Debug|Any CPU
		{16E7EDB0-A560-4B5C-9F6F-4660814569DA}.Release|Any CPU.ActiveCfg = Release|Any CPU
		{16E7EDB0-A560-4B5C-9F6F-4660814569DA}.Release|Any CPU.Build.0 = Release|Any CPU
	EndGlobalSection
	GlobalSection(SolutionProperties) = preSolution
		HideSolutionNode = FALSE
	EndGlobalSection
	GlobalSection(ExtensibilityGlobals) = postSolution
		SolutionGuid = {85F551B9-A086-4D71-9B31-1912FB1D38DC}
	EndGlobalSection
EndGlobal
