
Microsoft Visual Studio Solution File, Format Version 12.00
# Visual Studio Version 17
VisualStudioVersion = 17.11.35312.102
MinimumVisualStudioVersion = 10.0.40219.1
Project("{FAE04EC0-301F-11D3-BF4B-00C04F79EFBC}") = "P16_Control_Registro_Estacionamiento", "P16_Control_Registro_Estacionamiento.csproj", "{CDF1E2C5-F565-4F08-BF84-AA505BA09226}"
EndProject
Global
	GlobalSection(SolutionConfigurationPlatforms) = preSolution
		Debug|Any CPU = Debug|Any CPU
		Release|Any CPU = Release|Any CPU
	EndGlobalSection
	GlobalSection(ProjectConfigurationPlatforms) = postSolution
		{CDF1E2C5-F565-4F08-BF84-AA505BA09226}.Debug|Any CPU.ActiveCfg = Debug|Any CPU
		{CDF1E2C5-F565-4F08-BF84-AA505BA09226}.Debug|Any CPU.Build.0 = Debug|Any CPU
		{CDF1E2C5-F565-4F08-BF84-AA505BA09226}.Release|Any CPU.ActiveCfg = Release|Any CPU
		{CDF1E2C5-F565-4F08-BF84-AA505BA09226}.Release|Any CPU.Build.0 = Release|Any CPU
	EndGlobalSection
	GlobalSection(SolutionProperties) = preSolution
		HideSolutionNode = FALSE
	EndGlobalSection
	GlobalSection(ExtensibilityGlobals) = postSolution
		SolutionGuid = {ED785C79-055F-4CA8-AAF9-76FB33CC0170}
	EndGlobalSection
EndGlobal
