
Microsoft Visual Studio Solution File, Format Version 12.00
# Visual Studio Version 16
VisualStudioVersion = 16.0.33529.622
MinimumVisualStudioVersion = 10.0.40219.1
Project("{FAE04EC0-301F-11D3-BF4B-00C04F79EFBC}") = "P10_Control_De_Registro_de_Documentos", "P10_Control_De_Registro_de_Documentos.csproj", "{3B8EC003-4DC1-491A-8F3C-AAA6F7E53EAD}"
EndProject
Global
	GlobalSection(SolutionConfigurationPlatforms) = preSolution
		Debug|Any CPU = Debug|Any CPU
		Release|Any CPU = Release|Any CPU
	EndGlobalSection
	GlobalSection(ProjectConfigurationPlatforms) = postSolution
		{3B8EC003-4DC1-491A-8F3C-AAA6F7E53EAD}.Debug|Any CPU.ActiveCfg = Debug|Any CPU
		{3B8EC003-4DC1-491A-8F3C-AAA6F7E53EAD}.Debug|Any CPU.Build.0 = Debug|Any CPU
		{3B8EC003-4DC1-491A-8F3C-AAA6F7E53EAD}.Release|Any CPU.ActiveCfg = Release|Any CPU
		{3B8EC003-4DC1-491A-8F3C-AAA6F7E53EAD}.Release|Any CPU.Build.0 = Release|Any CPU
	EndGlobalSection
	GlobalSection(SolutionProperties) = preSolution
		HideSolutionNode = FALSE
	EndGlobalSection
	GlobalSection(ExtensibilityGlobals) = postSolution
		SolutionGuid = {1CE2B94E-4C8F-4832-8AC6-39DDD0E97714}
	EndGlobalSection
EndGlobal
